
Microsoft Visual Studio Solution File, Format Version 12.00
# Visual Studio 15
VisualStudioVersion = 15.0.27703.2018
MinimumVisualStudioVersion = 10.0.40219.1
Project("{FAE04EC0-301F-11D3-BF4B-00C04F79EFBC}") = "Chap10Part3", "Chap10Part3\Chap10Part3.csproj", "{0CBE5134-C737-4BC0-B0CF-5CD570EA16A0}"
EndProject
Global
	GlobalSection(SolutionConfigurationPlatforms) = preSolution
		Debug|Any CPU = Debug|Any CPU
		Release|Any CPU = Release|Any CPU
	EndGlobalSection
	GlobalSection(ProjectConfigurationPlatforms) = postSolution
		{0CBE5134-C737-4BC0-B0CF-5CD570EA16A0}.Debug|Any CPU.ActiveCfg = Debug|Any CPU
		{0CBE5134-C737-4BC0-B0CF-5CD570EA16A0}.Debug|Any CPU.Build.0 = Debug|Any CPU
		{0CBE5134-C737-4BC0-B0CF-5CD570EA16A0}.Release|Any CPU.ActiveCfg = Release|Any CPU
		{0CBE5134-C737-4BC0-B0CF-5CD570EA16A0}.Release|Any CPU.Build.0 = Release|Any CPU
	EndGlobalSection
	GlobalSection(SolutionProperties) = preSolution
		HideSolutionNode = FALSE
	EndGlobalSection
	GlobalSection(ExtensibilityGlobals) = postSolution
		SolutionGuid = {1CE1CA01-8FFC-4FDA-ACA4-9EC61E9C2129}
	EndGlobalSection
EndGlobal
