
Microsoft Visual Studio Solution File, Format Version 12.00
# Visual Studio 15
VisualStudioVersion = 15.0.27703.2035
MinimumVisualStudioVersion = 10.0.40219.1
Project("{FAE04EC0-301F-11D3-BF4B-00C04F79EFBC}") = "Chap13Part5", "Chap13Part5\Chap13Part5.csproj", "{8ADD0310-6B92-4309-A8EA-1E04D507C708}"
EndProject
Global
	GlobalSection(SolutionConfigurationPlatforms) = preSolution
		Debug|Any CPU = Debug|Any CPU
		Release|Any CPU = Release|Any CPU
	EndGlobalSection
	GlobalSection(ProjectConfigurationPlatforms) = postSolution
		{8ADD0310-6B92-4309-A8EA-1E04D507C708}.Debug|Any CPU.ActiveCfg = Debug|Any CPU
		{8ADD0310-6B92-4309-A8EA-1E04D507C708}.Debug|Any CPU.Build.0 = Debug|Any CPU
		{8ADD0310-6B92-4309-A8EA-1E04D507C708}.Release|Any CPU.ActiveCfg = Release|Any CPU
		{8ADD0310-6B92-4309-A8EA-1E04D507C708}.Release|Any CPU.Build.0 = Release|Any CPU
	EndGlobalSection
	GlobalSection(SolutionProperties) = preSolution
		HideSolutionNode = FALSE
	EndGlobalSection
	GlobalSection(ExtensibilityGlobals) = postSolution
		SolutionGuid = {32AAD61C-6952-4EA4-99A0-A2E545124C70}
	EndGlobalSection
EndGlobal
