
Microsoft Visual Studio Solution File, Format Version 12.00
# Visual Studio 15
VisualStudioVersion = 15.0.27703.2018
MinimumVisualStudioVersion = 10.0.40219.1
Project("{FAE04EC0-301F-11D3-BF4B-00C04F79EFBC}") = "Chap8Part1", "Chap8Part1\Chap8Part1.csproj", "{1983B850-5485-4D96-94BC-1F5DFE941053}"
EndProject
Global
	GlobalSection(SolutionConfigurationPlatforms) = preSolution
		Debug|Any CPU = Debug|Any CPU
		Release|Any CPU = Release|Any CPU
	EndGlobalSection
	GlobalSection(ProjectConfigurationPlatforms) = postSolution
		{1983B850-5485-4D96-94BC-1F5DFE941053}.Debug|Any CPU.ActiveCfg = Debug|Any CPU
		{1983B850-5485-4D96-94BC-1F5DFE941053}.Debug|Any CPU.Build.0 = Debug|Any CPU
		{1983B850-5485-4D96-94BC-1F5DFE941053}.Release|Any CPU.ActiveCfg = Release|Any CPU
		{1983B850-5485-4D96-94BC-1F5DFE941053}.Release|Any CPU.Build.0 = Release|Any CPU
	EndGlobalSection
	GlobalSection(SolutionProperties) = preSolution
		HideSolutionNode = FALSE
	EndGlobalSection
	GlobalSection(ExtensibilityGlobals) = postSolution
		SolutionGuid = {C07E1D08-9F44-4E71-B2C0-6688DB92EF1F}
	EndGlobalSection
EndGlobal
