
Microsoft Visual Studio Solution File, Format Version 12.00
# Visual Studio 15
VisualStudioVersion = 15.0.27703.2018
MinimumVisualStudioVersion = 10.0.40219.1
Project("{FAE04EC0-301F-11D3-BF4B-00C04F79EFBC}") = "Chap11Part6", "Chap11Part6\Chap11Part6.csproj", "{8C65FA8D-BAAC-47B9-9B33-112B45F09C50}"
EndProject
Global
	GlobalSection(SolutionConfigurationPlatforms) = preSolution
		Debug|Any CPU = Debug|Any CPU
		Release|Any CPU = Release|Any CPU
	EndGlobalSection
	GlobalSection(ProjectConfigurationPlatforms) = postSolution
		{8C65FA8D-BAAC-47B9-9B33-112B45F09C50}.Debug|Any CPU.ActiveCfg = Debug|Any CPU
		{8C65FA8D-BAAC-47B9-9B33-112B45F09C50}.Debug|Any CPU.Build.0 = Debug|Any CPU
		{8C65FA8D-BAAC-47B9-9B33-112B45F09C50}.Release|Any CPU.ActiveCfg = Release|Any CPU
		{8C65FA8D-BAAC-47B9-9B33-112B45F09C50}.Release|Any CPU.Build.0 = Release|Any CPU
	EndGlobalSection
	GlobalSection(SolutionProperties) = preSolution
		HideSolutionNode = FALSE
	EndGlobalSection
	GlobalSection(ExtensibilityGlobals) = postSolution
		SolutionGuid = {E3BE7C86-11D5-48AA-BC0E-06A41DB5E14D}
	EndGlobalSection
EndGlobal
